// !$*UTF8*$!
{
	archiveVersion = 1;
	classes = {
	};
	objectVersion = 46;
	objects = {

/* Begin PBXBuildFile section */
		B629AA771DAE1A06002AB57E /* AppDelegate.swift in Sources */ = {isa = PBXBuildFile; fileRef = B629AA761DAE1A06002AB57E /* AppDelegate.swift */; };
		B629AA791DAE1A06002AB57E /* ViewController.swift in Sources */ = {isa = PBXBuildFile; fileRef = B629AA781DAE1A06002AB57E /* ViewController.swift */; };
		B629AA7C1DAE1A06002AB57E /* Main.storyboard in Resources */ = {isa = PBXBuildFile; fileRef = B629AA7A1DAE1A06002AB57E /* Main.storyboard */; };
		B629AA7E1DAE1A06002AB57E /* Assets.xcassets in Resources */ = {isa = PBXBuildFile; fileRef = B629AA7D1DAE1A06002AB57E /* Assets.xcassets */; };
		B629AA811DAE1A06002AB57E /* LaunchScreen.storyboard in Resources */ = {isa = PBXBuildFile; fileRef = B629AA7F1DAE1A06002AB57E /* LaunchScreen.storyboard */; };
		B6AC833E1DAE48F600B28D6F /* CalculatorService.swift in Sources */ = {isa = PBXBuildFile; fileRef = B6AC833D1DAE48F600B28D6F /* CalculatorService.swift */; };
/* End PBXBuildFile section */

/* Begin PBXFileReference section */
		B629AA731DAE1A06002AB57E /* Calculator.app */ = {isa = PBXFileReference; explicitFileType = wrapper.application; includeInIndex = 0; path = Calculator.app; sourceTree = BUILT_PRODUCTS_DIR; };
		B629AA761DAE1A06002AB57E /* AppDelegate.swift */ = {isa = PBXFileReference; lastKnownFileType = sourcecode.swift; path = AppDelegate.swift; sourceTree = "<group>"; };
		B629AA781DAE1A06002AB57E /* ViewController.swift */ = {isa = PBXFileReference; lastKnownFileType = sourcecode.swift; path = ViewController.swift; sourceTree = "<group>"; };
		B629AA7B1DAE1A06002AB57E /* Base */ = {isa = PBXFileReference; lastKnownFileType = file.storyboard; name = Base; path = Base.lproj/Main.storyboard; sourceTree = "<group>"; };
		B629AA7D1DAE1A06002AB57E /* Assets.xcassets */ = {isa = PBXFileReference; lastKnownFileType = folder.assetcatalog; path = Assets.xcassets; sourceTree = "<group>"; };
		B629AA801DAE1A06002AB57E /* Base */ = {isa = PBXFileReference; lastKnownFileType = file.storyboard; name = Base; path = Base.lproj/LaunchScreen.storyboard; sourceTree = "<group>"; };
		B629AA821DAE1A06002AB57E /* Info.plist */ = {isa = PBXFileReference; lastKnownFileType = text.plist.xml; path = Info.plist; sourceTree = "<group>"; };
		B6AC833D1DAE48F600B28D6F /* CalculatorService.swift */ = {isa = PBXFileReference; fileEncoding = 4; lastKnownFileType = sourcecode.swift; path = CalculatorService.swift; sourceTree = "<group>"; };
/* End PBXFileReference section */

/* Begin PBXFrameworksBuildPhase section */
		B629AA701DAE1A05002AB57E /* Frameworks */ = {
			isa = PBXFrameworksBuildPhase;
			buildActionMask = 2147483647;
			files = (
			);
			runOnlyForDeploymentPostprocessing = 0;
		};
/* End PBXFrameworksBuildPhase section */

/* Begin PBXGroup section */
		B629AA6A1DAE1A05002AB57E = {
			isa = PBXGroup;
			children = (
				B629AA751DAE1A06002AB57E /* Calculator */,
				B629AA741DAE1A06002AB57E /* Products */,
			);
			sourceTree = "<group>";
		};
		B629AA741DAE1A06002AB57E /* Products */ = {
			isa = PBXGroup;
			children = (
				B629AA731DAE1A06002AB57E /* Calculator.app */,
			);
			name = Products;
			sourceTree = "<group>";
		};
		B629AA751DAE1A06002AB57E /* Calculator */ = {
			isa = PBXGroup;
			children = (
				B629AA881DAE2F91002AB57E /* Supporting files */,
				B629AA781DAE1A06002AB57E /* ViewController.swift */,
				B629AA7A1DAE1A06002AB57E /* Main.storyboard */,
				B6AC833D1DAE48F600B28D6F /* CalculatorService.swift */,
			);
			path = Calculator;
			sourceTree = "<group>";
		};
		B629AA881DAE2F91002AB57E /* Supporting files */ = {
			isa = PBXGroup;
			children = (
				B629AA761DAE1A06002AB57E /* AppDelegate.swift */,
				B629AA7D1DAE1A06002AB57E /* Assets.xcassets */,
				B629AA7F1DAE1A06002AB57E /* LaunchScreen.storyboard */,
				B629AA821DAE1A06002AB57E /* Info.plist */,
			);
			name = "Supporting files";
			sourceTree = "<group>";
		};
/* End PBXGroup section */

/* Begin PBXNativeTarget section */
		B629AA721DAE1A05002AB57E /* Calculator */ = {
			isa = PBXNativeTarget;
			buildConfigurationList = B629AA851DAE1A06002AB57E /* Build configuration list for PBXNativeTarget "Calculator" */;
			buildPhases = (
				B629AA6F1DAE1A05002AB57E /* Sources */,
				B629AA701DAE1A05002AB57E /* Frameworks */,
				B629AA711DAE1A05002AB57E /* Resources */,
			);
			buildRules = (
			);
			dependencies = (
			);
			name = Calculator;
			productName = Calculator;
			productReference = B629AA731DAE1A06002AB57E /* Calculator.app */;
			productType = "com.apple.product-type.application";
		};
/* End PBXNativeTarget section */

/* Begin PBXProject section */
		B629AA6B1DAE1A05002AB57E /* Project object */ = {
			isa = PBXProject;
			attributes = {
				LastSwiftUpdateCheck = 0800;
				LastUpgradeCheck = 0800;
				ORGANIZATIONNAME = "Sergey Linnik";
				TargetAttributes = {
					B629AA721DAE1A05002AB57E = {
						CreatedOnToolsVersion = 8.0;
						DevelopmentTeam = W74ZH2SQ3G;
						ProvisioningStyle = Automatic;
					};
				};
			};
			buildConfigurationList = B629AA6E1DAE1A05002AB57E /* Build configuration list for PBXProject "Calculator" */;
			compatibilityVersion = "Xcode 3.2";
			developmentRegion = English;
			hasScannedForEncodings = 0;
			knownRegions = (
				en,
				Base,
			);
			mainGroup = B629AA6A1DAE1A05002AB57E;
			productRefGroup = B629AA741DAE1A06002AB57E /* Products */;
			projectDirPath = "";
			projectRoot = "";
			targets = (
				B629AA721DAE1A05002AB57E /* Calculator */,
			);
		};
/* End PBXProject section */

/* Begin PBXResourcesBuildPhase section */
		B629AA711DAE1A05002AB57E /* Resources */ = {
			isa = PBXResourcesBuildPhase;
			buildActionMask = 2147483647;
			files = (
				B629AA811DAE1A06002AB57E /* LaunchScreen.storyboard in Resources */,
				B629AA7E1DAE1A06002AB57E /* Assets.xcassets in Resources */,
				B629AA7C1DAE1A06002AB57E /* Main.storyboard in Resources */,
			);
			runOnlyForDeploymentPostprocessing = 0;
		};
/* End PBXResourcesBuildPhase section */

/* Begin PBXSourcesBuildPhase section */
		B629AA6F1DAE1A05002AB57E /* Sources */ = {
			isa = PBXSourcesBuildPhase;
			buildActionMask = 2147483647;
			files = (
				B629AA791DAE1A06002AB57E /* ViewController.swift in Sources */,
				B6AC833E1DAE48F600B28D6F /* CalculatorService.swift in Sources */,
				B629AA771DAE1A06002AB57E /* AppDelegate.swift in Sources */,
			);
			runOnlyForDeploymentPostprocessing = 0;
		};
/* End PBXSourcesBuildPhase section */

/* Begin PBXVariantGroup section */
		B629AA7A1DAE1A06002AB57E /* Main.storyboard */ = {
			isa = PBXVariantGroup;
			children = (
				B629AA7B1DAE1A06002AB57E /* Base */,
			);
			name = Main.storyboard;
			sourceTree = "<group>";
		};
		B629AA7F1DAE1A06002AB57E /* LaunchScreen.storyboard */ = {
			isa = PBXVariantGroup;
			children = (
				B629AA801DAE1A06002AB57E /* Base */,
			);
			name = LaunchScreen.storyboard;
			sourceTree = "<group>";
		};
/* End PBXVariantGroup section */

/* Begin XCBuildConfiguration section */
		B629AA831DAE1A06002AB57E /* Debug */ = {
			isa = XCBuildConfiguration;
			buildSettings = {
				ALWAYS_SEARCH_USER_PATHS = NO;
				CLANG_ANALYZER_NONNULL = YES;
				CLANG_CXX_LANGUAGE_STANDARD = "gnu++0x";
				CLANG_CXX_LIBRARY = "libc++";
				CLANG_ENABLE_MODULES = YES;
				CLANG_ENABLE_OBJC_ARC = YES;
				CLANG_WARN_BOOL_CONVERSION = YES;
				CLANG_WARN_CONSTANT_CONVERSION = YES;
				CLANG_WARN_DIRECT_OBJC_ISA_USAGE = YES_ERROR;
				CLANG_WARN_DOCUMENTATION_COMMENTS = YES;
				CLANG_WARN_EMPTY_BODY = YES;
				CLANG_WARN_ENUM_CONVERSION = YES;
				CLANG_WARN_INFINITE_RECURSION = YES;
				CLANG_WARN_INT_CONVERSION = YES;
				CLANG_WARN_OBJC_ROOT_CLASS = YES_ERROR;
				CLANG_WARN_SUSPICIOUS_MOVES = YES;
				CLANG_WARN_UNREACHABLE_CODE = YES;
				CLANG_WARN__DUPLICATE_METHOD_MATCH = YES;
				"CODE_SIGN_IDENTITY[sdk=iphoneos*]" = "iPhone Developer";
				COPY_PHASE_STRIP = NO;
				DEBUG_INFORMATION_FORMAT = dwarf;
				ENABLE_STRICT_OBJC_MSGSEND = YES;
				ENABLE_TESTABILITY = YES;
				GCC_C_LANGUAGE_STANDARD = gnu99;
				GCC_DYNAMIC_NO_PIC = NO;
				GCC_NO_COMMON_BLOCKS = YES;
				GCC_OPTIMIZATION_LEVEL = 0;
				GCC_PREPROCESSOR_DEFINITIONS = (
					"DEBUG=1",
					"$(inherited)",
				);
				GCC_WARN_64_TO_32_BIT_CONVERSION = YES;
				GCC_WARN_ABOUT_RETURN_TYPE = YES_ERROR;
				GCC_WARN_UNDECLARED_SELECTOR = YES;
				GCC_WARN_UNINITIALIZED_AUTOS = YES_AGGRESSIVE;
				GCC_WARN_UNUSED_FUNCTION = YES;
				GCC_WARN_UNUSED_VARIABLE = YES;
				IPHONEOS_DEPLOYMENT_TARGET = 10.0;
				MTL_ENABLE_DEBUG_INFO = YES;
				ONLY_ACTIVE_ARCH = YES;
				SDKROOT = iphoneos;
				SWIFT_ACTIVE_COMPILATION_CONDITIONS = DEBUG;
				SWIFT_OPTIMIZATION_LEVEL = "-Onone";
				TARGETED_DEVICE_FAMILY = "1,2";
			};
			name = Debug;
		};
		B629AA841DAE1A06002AB57E /* Release */ = {
			isa = XCBuildConfiguration;
			buildSettings = {
				ALWAYS_SEARCH_USER_PATHS = NO;
				CLANG_ANALYZER_NONNULL = YES;
				CLANG_CXX_LANGUAGE_STANDARD = "gnu++0x";
				CLANG_CXX_LIBRARY = "libc++";
				CLANG_ENABLE_MODULES = YES;
				CLANG_ENABLE_OBJC_ARC = YES;
				CLANG_WARN_BOOL_CONVERSION = YES;
				CLANG_WARN_CONSTANT_CONVERSION = YES;
				CLANG_WARN_DIRECT_OBJC_ISA_USAGE = YES_ERROR;
				CLANG_WARN_DOCUMENTATION_COMMENTS = YES;
				CLANG_WARN_EMPTY_BODY = YES;
				CLANG_WARN_ENUM_CONVERSION = YES;
				CLANG_WARN_INFINITE_RECURSION = YES;
				CLANG_WARN_INT_CONVERSION = YES;
				CLANG_WARN_OBJC_ROOT_CLASS = YES_ERROR;
				CLANG_WARN_SUSPICIOUS_MOVES = YES;
				CLANG_WARN_UNREACHABLE_CODE = YES;
				CLANG_WARN__DUPLICATE_METHOD_MATCH = YES;
				"CODE_SIGN_IDENTITY[sdk=iphoneos*]" = "iPhone Developer";
				COPY_PHASE_STRIP = NO;
				DEBUG_INFORMATION_FORMAT = "dwarf-with-dsym";
				ENABLE_NS_ASSERTIONS = NO;
				ENABLE_STRICT_OBJC_MSGSEND = YES;
				GCC_C_LANGUAGE_STANDARD = gnu99;
				GCC_NO_COMMON_BLOCKS = YES;
				GCC_WARN_64_TO_32_BIT_CONVERSION = YES;
				GCC_WARN_ABOUT_RETURN_TYPE = YES_ERROR;
				GCC_WARN_UNDECLARED_SELECTOR = YES;
				GCC_WARN_UNINITIALIZED_AUTOS = YES_AGGRESSIVE;
				GCC_WARN_UNUSED_FUNCTION = YES;
				GCC_WARN_UNUSED_VARIABLE = YES;
				IPHONEOS_DEPLOYMENT_TARGET = 10.0;
				MTL_ENABLE_DEBUG_INFO = NO;
				SDKROOT = iphoneos;
				SWIFT_OPTIMIZATION_LEVEL = "-Owholemodule";
				TARGETED_DEVICE_FAMILY = "1,2";
				VALIDATE_PRODUCT = YES;
			};
			name = Release;
		};
		B629AA861DAE1A06002AB57E /* Debug */ = {
			isa = XCBuildConfiguration;
			buildSettings = {
				ASSETCATALOG_COMPILER_APPICON_NAME = AppIcon;
				DEVELOPMENT_TEAM = W74ZH2SQ3G;
				INFOPLIST_FILE = Calculator/Info.plist;
				IPHONEOS_DEPLOYMENT_TARGET = 10.0;
				LD_RUNPATH_SEARCH_PATHS = "$(inherited) @executable_path/Frameworks";
				PRODUCT_BUNDLE_IDENTIFIER = com.slinnik284.Calculator;
				PRODUCT_NAME = "$(TARGET_NAME)";
				SWIFT_VERSION = 3.0;
			};
			name = Debug;
		};
		B629AA871DAE1A06002AB57E /* Release */ = {
			isa = XCBuildConfiguration;
			buildSettings = {
				ASSETCATALOG_COMPILER_APPICON_NAME = AppIcon;
				DEVELOPMENT_TEAM = W74ZH2SQ3G;
				INFOPLIST_FILE = Calculator/Info.plist;
				IPHONEOS_DEPLOYMENT_TARGET = 10.0;
				LD_RUNPATH_SEARCH_PATHS = "$(inherited) @executable_path/Frameworks";
				PRODUCT_BUNDLE_IDENTIFIER = com.slinnik284.Calculator;
				PRODUCT_NAME = "$(TARGET_NAME)";
				SWIFT_VERSION = 3.0;
			};
			name = Release;
		};
/* End XCBuildConfiguration section */

/* Begin XCConfigurationList section */
		B629AA6E1DAE1A05002AB57E /* Build configuration list for PBXProject "Calculator" */ = {
			isa = XCConfigurationList;
			buildConfigurations = (
				B629AA831DAE1A06002AB57E /* Debug */,
				B629AA841DAE1A06002AB57E /* Release */,
			);
			defaultConfigurationIsVisible = 0;
			defaultConfigurationName = Release;
		};
		B629AA851DAE1A06002AB57E /* Build configuration list for PBXNativeTarget "Calculator" */ = {
			isa = XCConfigurationList;
			buildConfigurations = (
				B629AA861DAE1A06002AB57E /* Debug */,
				B629AA871DAE1A06002AB57E /* Release */,
			);
			defaultConfigurationIsVisible = 0;
			defaultConfigurationName = Release;
		};
/* End XCConfigurationList section */
	};
	rootObject = B629AA6B1DAE1A05002AB57E /* Project object */;
}
